// !$*UTF8*$!
{
	archiveVersion = 1;
	classes = {
	};
	objectVersion = 46;
	objects = {

/* Begin PBXBuildFile section */
		1569C7BDE62180F4368E65F0 /* Pods_MMM.framework in Frameworks */ = {isa = PBXBuildFile; fileRef = 9A1C9CAEC8B18237AB190C01 /* Pods_MMM.framework */; };
		6CABD9F41F0C399500133DBB /* AppDelegate.swift in Sources */ = {isa = PBXBuildFile; fileRef = 6CABD9F31F0C399500133DBB /* AppDelegate.swift */; };
		6CABD9F91F0C399500133DBB /* Main.storyboard in Resources */ = {isa = PBXBuildFile; fileRef = 6CABD9F71F0C399500133DBB /* Main.storyboard */; };
		6CABD9FE1F0C399500133DBB /* LaunchScreen.storyboard in Resources */ = {isa = PBXBuildFile; fileRef = 6CABD9FC1F0C399500133DBB /* LaunchScreen.storyboard */; };
		C12A04CF1F0DB174003052B6 /* Cell.swift in Sources */ = {isa = PBXBuildFile; fileRef = C12A04CE1F0DB174003052B6 /* Cell.swift */; };
		C12A04D11F0E9DA3003052B6 /* User.swift in Sources */ = {isa = PBXBuildFile; fileRef = C12A04D01F0E9DA3003052B6 /* User.swift */; };
		C12A04D31F0E9E11003052B6 /* LoginViewController.swift in Sources */ = {isa = PBXBuildFile; fileRef = C12A04D21F0E9E11003052B6 /* LoginViewController.swift */; };
		C12A04D71F0EAEE1003052B6 /* HealthData.plist in Resources */ = {isa = PBXBuildFile; fileRef = C12A04D61F0EAEE1003052B6 /* HealthData.plist */; };
		C12A04D91F0EAFA9003052B6 /* LearningData.plist in Resources */ = {isa = PBXBuildFile; fileRef = C12A04D81F0EAFA9003052B6 /* LearningData.plist */; };
		C12A04DB1F0EAFDE003052B6 /* SocialData.plist in Resources */ = {isa = PBXBuildFile; fileRef = C12A04DA1F0EAFDE003052B6 /* SocialData.plist */; };
		C1367F3A1F0D4D0400570AA0 /* MainViewController.swift in Sources */ = {isa = PBXBuildFile; fileRef = C1367F391F0D4D0400570AA0 /* MainViewController.swift */; };
		C1367F3C1F0D4E9800570AA0 /* StepsTableViewController.swift in Sources */ = {isa = PBXBuildFile; fileRef = C1367F3B1F0D4E9800570AA0 /* StepsTableViewController.swift */; };
		C1E121551F0F3EC30007B42E /* ArtData.plist in Resources */ = {isa = PBXBuildFile; fileRef = C1E121541F0F3EC30007B42E /* ArtData.plist */; };
/* End PBXBuildFile section */

/* Begin PBXFileReference section */
		6CABD9F01F0C399500133DBB /* MMM.app */ = {isa = PBXFileReference; explicitFileType = wrapper.application; includeInIndex = 0; path = MMM.app; sourceTree = BUILT_PRODUCTS_DIR; };
		6CABD9F31F0C399500133DBB /* AppDelegate.swift */ = {isa = PBXFileReference; lastKnownFileType = sourcecode.swift; path = AppDelegate.swift; sourceTree = "<group>"; };
		6CABD9F81F0C399500133DBB /* Base */ = {isa = PBXFileReference; lastKnownFileType = file.storyboard; name = Base; path = Base.lproj/Main.storyboard; sourceTree = "<group>"; };
		6CABD9FD1F0C399500133DBB /* Base */ = {isa = PBXFileReference; lastKnownFileType = file.storyboard; name = Base; path = Base.lproj/LaunchScreen.storyboard; sourceTree = "<group>"; };
		6CABD9FF1F0C399500133DBB /* Info.plist */ = {isa = PBXFileReference; lastKnownFileType = text.plist.xml; path = Info.plist; sourceTree = "<group>"; };
		8D6A740AD48936BB67C1A932 /* Pods-MMM.release.xcconfig */ = {isa = PBXFileReference; includeInIndex = 1; lastKnownFileType = text.xcconfig; name = "Pods-MMM.release.xcconfig"; path = "Pods/Target Support Files/Pods-MMM/Pods-MMM.release.xcconfig"; sourceTree = "<group>"; };
		909D1E1F3270617633A8D91E /* Pods-MMM.debug.xcconfig */ = {isa = PBXFileReference; includeInIndex = 1; lastKnownFileType = text.xcconfig; name = "Pods-MMM.debug.xcconfig"; path = "Pods/Target Support Files/Pods-MMM/Pods-MMM.debug.xcconfig"; sourceTree = "<group>"; };
		9A1C9CAEC8B18237AB190C01 /* Pods_MMM.framework */ = {isa = PBXFileReference; explicitFileType = wrapper.framework; includeInIndex = 0; path = Pods_MMM.framework; sourceTree = BUILT_PRODUCTS_DIR; };
		C12A04CE1F0DB174003052B6 /* Cell.swift */ = {isa = PBXFileReference; fileEncoding = 4; lastKnownFileType = sourcecode.swift; path = Cell.swift; sourceTree = "<group>"; };
		C12A04D01F0E9DA3003052B6 /* User.swift */ = {isa = PBXFileReference; fileEncoding = 4; lastKnownFileType = sourcecode.swift; path = User.swift; sourceTree = "<group>"; };
		C12A04D21F0E9E11003052B6 /* LoginViewController.swift */ = {isa = PBXFileReference; fileEncoding = 4; lastKnownFileType = sourcecode.swift; path = LoginViewController.swift; sourceTree = "<group>"; };
		C12A04D61F0EAEE1003052B6 /* HealthData.plist */ = {isa = PBXFileReference; fileEncoding = 4; lastKnownFileType = text.plist.xml; path = HealthData.plist; sourceTree = "<group>"; };
		C12A04D81F0EAFA9003052B6 /* LearningData.plist */ = {isa = PBXFileReference; fileEncoding = 4; lastKnownFileType = text.plist.xml; path = LearningData.plist; sourceTree = "<group>"; };
		C12A04DA1F0EAFDE003052B6 /* SocialData.plist */ = {isa = PBXFileReference; fileEncoding = 4; lastKnownFileType = text.plist.xml; path = SocialData.plist; sourceTree = "<group>"; };
		C1367F391F0D4D0400570AA0 /* MainViewController.swift */ = {isa = PBXFileReference; fileEncoding = 4; lastKnownFileType = sourcecode.swift; path = MainViewController.swift; sourceTree = "<group>"; };
		C1367F3B1F0D4E9800570AA0 /* StepsTableViewController.swift */ = {isa = PBXFileReference; fileEncoding = 4; lastKnownFileType = sourcecode.swift; path = StepsTableViewController.swift; sourceTree = "<group>"; };
		C1E121541F0F3EC30007B42E /* ArtData.plist */ = {isa = PBXFileReference; fileEncoding = 4; lastKnownFileType = text.plist.xml; path = ArtData.plist; sourceTree = "<group>"; };
/* End PBXFileReference section */

/* Begin PBXFrameworksBuildPhase section */
		6CABD9ED1F0C399500133DBB /* Frameworks */ = {
			isa = PBXFrameworksBuildPhase;
			buildActionMask = 2147483647;
			files = (
				1569C7BDE62180F4368E65F0 /* Pods_MMM.framework in Frameworks */,
			);
			runOnlyForDeploymentPostprocessing = 0;
		};
/* End PBXFrameworksBuildPhase section */

/* Begin PBXGroup section */
		482DB8106541B5C7A6B34889 /* Frameworks */ = {
			isa = PBXGroup;
			children = (
				9A1C9CAEC8B18237AB190C01 /* Pods_MMM.framework */,
			);
			name = Frameworks;
			sourceTree = "<group>";
		};
		6CABD9E71F0C399500133DBB = {
			isa = PBXGroup;
			children = (
				6CABD9F21F0C399500133DBB /* MMM */,
				6CABD9F11F0C399500133DBB /* Products */,
				B50B2146F94B76D274F9C581 /* Pods */,
				482DB8106541B5C7A6B34889 /* Frameworks */,
			);
			sourceTree = "<group>";
		};
		6CABD9F11F0C399500133DBB /* Products */ = {
			isa = PBXGroup;
			children = (
				6CABD9F01F0C399500133DBB /* MMM.app */,
			);
			name = Products;
			sourceTree = "<group>";
		};
		6CABD9F21F0C399500133DBB /* MMM */ = {
			isa = PBXGroup;
			children = (
				6CABD9F31F0C399500133DBB /* AppDelegate.swift */,
				C1E121511F0ED2C70007B42E /* View Controllers */,
				C1E121501F0ED2B50007B42E /* Models */,
				C1E121521F0ED2F10007B42E /* Storyboards */,
				C1E121531F0ED3190007B42E /* Data */,
				6CABD9FF1F0C399500133DBB /* Info.plist */,
			);
			path = MMM;
			sourceTree = "<group>";
		};
		B50B2146F94B76D274F9C581 /* Pods */ = {
			isa = PBXGroup;
			children = (
				909D1E1F3270617633A8D91E /* Pods-MMM.debug.xcconfig */,
				8D6A740AD48936BB67C1A932 /* Pods-MMM.release.xcconfig */,
			);
			name = Pods;
			sourceTree = "<group>";
		};
		C1E121501F0ED2B50007B42E /* Models */ = {
			isa = PBXGroup;
			children = (
				C12A04CE1F0DB174003052B6 /* Cell.swift */,
				C12A04D01F0E9DA3003052B6 /* User.swift */,
			);
			name = Models;
			sourceTree = "<group>";
		};
		C1E121511F0ED2C70007B42E /* View Controllers */ = {
			isa = PBXGroup;
			children = (
				C1367F391F0D4D0400570AA0 /* MainViewController.swift */,
				C1367F3B1F0D4E9800570AA0 /* StepsTableViewController.swift */,
				C12A04D21F0E9E11003052B6 /* LoginViewController.swift */,
			);
			name = "View Controllers";
			sourceTree = "<group>";
		};
		C1E121521F0ED2F10007B42E /* Storyboards */ = {
			isa = PBXGroup;
			children = (
				6CABD9F71F0C399500133DBB /* Main.storyboard */,
				6CABD9FC1F0C399500133DBB /* LaunchScreen.storyboard */,
			);
			name = Storyboards;
			sourceTree = "<group>";
		};
		C1E121531F0ED3190007B42E /* Data */ = {
			isa = PBXGroup;
			children = (
				C12A04D61F0EAEE1003052B6 /* HealthData.plist */,
				C12A04D81F0EAFA9003052B6 /* LearningData.plist */,
				C12A04DA1F0EAFDE003052B6 /* SocialData.plist */,
				C1E121541F0F3EC30007B42E /* ArtData.plist */,
			);
			name = Data;
			sourceTree = "<group>";
		};
/* End PBXGroup section */

/* Begin PBXNativeTarget section */
		6CABD9EF1F0C399500133DBB /* MMM */ = {
			isa = PBXNativeTarget;
			buildConfigurationList = 6CABDA021F0C399500133DBB /* Build configuration list for PBXNativeTarget "MMM" */;
			buildPhases = (
				D45D5051E5601AE5EE5E72CA /* [CP] Check Pods Manifest.lock */,
				6CABD9EC1F0C399500133DBB /* Sources */,
				6CABD9ED1F0C399500133DBB /* Frameworks */,
				6CABD9EE1F0C399500133DBB /* Resources */,
				09E3A64F08FB68FA243B9C2B /* [CP] Embed Pods Frameworks */,
				509672AD027D9F2A34A5038D /* [CP] Copy Pods Resources */,
			);
			buildRules = (
			);
			dependencies = (
			);
			name = MMM;
			productName = MMM;
			productReference = 6CABD9F01F0C399500133DBB /* MMM.app */;
			productType = "com.apple.product-type.application";
		};
/* End PBXNativeTarget section */

/* Begin PBXProject section */
		6CABD9E81F0C399500133DBB /* Project object */ = {
			isa = PBXProject;
			attributes = {
				LastSwiftUpdateCheck = 0830;
				LastUpgradeCheck = 0830;
				ORGANIZATIONNAME = "Melody Yang";
				TargetAttributes = {
					6CABD9EF1F0C399500133DBB = {
						CreatedOnToolsVersion = 8.3.3;
						ProvisioningStyle = Automatic;
					};
				};
			};
			buildConfigurationList = 6CABD9EB1F0C399500133DBB /* Build configuration list for PBXProject "MMM" */;
			compatibilityVersion = "Xcode 3.2";
			developmentRegion = English;
			hasScannedForEncodings = 0;
			knownRegions = (
				en,
				Base,
			);
			mainGroup = 6CABD9E71F0C399500133DBB;
			productRefGroup = 6CABD9F11F0C399500133DBB /* Products */;
			projectDirPath = "";
			projectRoot = "";
			targets = (
				6CABD9EF1F0C399500133DBB /* MMM */,
			);
		};
/* End PBXProject section */

/* Begin PBXResourcesBuildPhase section */
		6CABD9EE1F0C399500133DBB /* Resources */ = {
			isa = PBXResourcesBuildPhase;
			buildActionMask = 2147483647;
			files = (
				6CABD9FE1F0C399500133DBB /* LaunchScreen.storyboard in Resources */,
				6CABD9F91F0C399500133DBB /* Main.storyboard in Resources */,
				C12A04D91F0EAFA9003052B6 /* LearningData.plist in Resources */,
				C12A04D71F0EAEE1003052B6 /* HealthData.plist in Resources */,
				C1E121551F0F3EC30007B42E /* ArtData.plist in Resources */,
				C12A04DB1F0EAFDE003052B6 /* SocialData.plist in Resources */,
			);
			runOnlyForDeploymentPostprocessing = 0;
		};
/* End PBXResourcesBuildPhase section */

/* Begin PBXShellScriptBuildPhase section */
		09E3A64F08FB68FA243B9C2B /* [CP] Embed Pods Frameworks */ = {
			isa = PBXShellScriptBuildPhase;
			buildActionMask = 2147483647;
			files = (
			);
			inputPaths = (
			);
			name = "[CP] Embed Pods Frameworks";
			outputPaths = (
			);
			runOnlyForDeploymentPostprocessing = 0;
			shellPath = /bin/sh;
			shellScript = "\"${SRCROOT}/Pods/Target Support Files/Pods-MMM/Pods-MMM-frameworks.sh\"\n";
			showEnvVarsInLog = 0;
		};
		509672AD027D9F2A34A5038D /* [CP] Copy Pods Resources */ = {
			isa = PBXShellScriptBuildPhase;
			buildActionMask = 2147483647;
			files = (
			);
			inputPaths = (
			);
			name = "[CP] Copy Pods Resources";
			outputPaths = (
			);
			runOnlyForDeploymentPostprocessing = 0;
			shellPath = /bin/sh;
			shellScript = "\"${SRCROOT}/Pods/Target Support Files/Pods-MMM/Pods-MMM-resources.sh\"\n";
			showEnvVarsInLog = 0;
		};
		D45D5051E5601AE5EE5E72CA /* [CP] Check Pods Manifest.lock */ = {
			isa = PBXShellScriptBuildPhase;
			buildActionMask = 2147483647;
			files = (
			);
			inputPaths = (
			);
			name = "[CP] Check Pods Manifest.lock";
			outputPaths = (
			);
			runOnlyForDeploymentPostprocessing = 0;
			shellPath = /bin/sh;
			shellScript = "diff \"${PODS_ROOT}/../Podfile.lock\" \"${PODS_ROOT}/Manifest.lock\" > /dev/null\nif [[ $? != 0 ]] ; then\n    cat << EOM\nerror: The sandbox is not in sync with the Podfile.lock. Run 'pod install' or update your CocoaPods installation.\nEOM\n    exit 1\nfi\n";
			showEnvVarsInLog = 0;
		};
/* End PBXShellScriptBuildPhase section */

/* Begin PBXSourcesBuildPhase section */
		6CABD9EC1F0C399500133DBB /* Sources */ = {
			isa = PBXSourcesBuildPhase;
			buildActionMask = 2147483647;
			files = (
				C12A04D31F0E9E11003052B6 /* LoginViewController.swift in Sources */,
				6CABD9F41F0C399500133DBB /* AppDelegate.swift in Sources */,
				C12A04CF1F0DB174003052B6 /* Cell.swift in Sources */,
				C1367F3C1F0D4E9800570AA0 /* StepsTableViewController.swift in Sources */,
				C12A04D11F0E9DA3003052B6 /* User.swift in Sources */,
				C1367F3A1F0D4D0400570AA0 /* MainViewController.swift in Sources */,
			);
			runOnlyForDeploymentPostprocessing = 0;
		};
/* End PBXSourcesBuildPhase section */

/* Begin PBXVariantGroup section */
		6CABD9F71F0C399500133DBB /* Main.storyboard */ = {
			isa = PBXVariantGroup;
			children = (
				6CABD9F81F0C399500133DBB /* Base */,
			);
			name = Main.storyboard;
			sourceTree = "<group>";
		};
		6CABD9FC1F0C399500133DBB /* LaunchScreen.storyboard */ = {
			isa = PBXVariantGroup;
			children = (
				6CABD9FD1F0C399500133DBB /* Base */,
			);
			name = LaunchScreen.storyboard;
			sourceTree = "<group>";
		};
/* End PBXVariantGroup section */

/* Begin XCBuildConfiguration section */
		6CABDA001F0C399500133DBB /* Debug */ = {
			isa = XCBuildConfiguration;
			buildSettings = {
				ALWAYS_SEARCH_USER_PATHS = NO;
				CLANG_ANALYZER_NONNULL = YES;
				CLANG_ANALYZER_NUMBER_OBJECT_CONVERSION = YES_AGGRESSIVE;
				CLANG_CXX_LANGUAGE_STANDARD = "gnu++0x";
				CLANG_CXX_LIBRARY = "libc++";
				CLANG_ENABLE_MODULES = YES;
				CLANG_ENABLE_OBJC_ARC = YES;
				CLANG_WARN_BOOL_CONVERSION = YES;
				CLANG_WARN_CONSTANT_CONVERSION = YES;
				CLANG_WARN_DIRECT_OBJC_ISA_USAGE = YES_ERROR;
				CLANG_WARN_DOCUMENTATION_COMMENTS = YES;
				CLANG_WARN_EMPTY_BODY = YES;
				CLANG_WARN_ENUM_CONVERSION = YES;
				CLANG_WARN_INFINITE_RECURSION = YES;
				CLANG_WARN_INT_CONVERSION = YES;
				CLANG_WARN_OBJC_ROOT_CLASS = YES_ERROR;
				CLANG_WARN_SUSPICIOUS_MOVE = YES;
				CLANG_WARN_UNREACHABLE_CODE = YES;
				CLANG_WARN__DUPLICATE_METHOD_MATCH = YES;
				"CODE_SIGN_IDENTITY[sdk=iphoneos*]" = "iPhone Developer";
				COPY_PHASE_STRIP = NO;
				DEBUG_INFORMATION_FORMAT = dwarf;
				ENABLE_STRICT_OBJC_MSGSEND = YES;
				ENABLE_TESTABILITY = YES;
				GCC_C_LANGUAGE_STANDARD = gnu99;
				GCC_DYNAMIC_NO_PIC = NO;
				GCC_NO_COMMON_BLOCKS = YES;
				GCC_OPTIMIZATION_LEVEL = 0;
				GCC_PREPROCESSOR_DEFINITIONS = (
					"DEBUG=1",
					"$(inherited)",
				);
				GCC_WARN_64_TO_32_BIT_CONVERSION = YES;
				GCC_WARN_ABOUT_RETURN_TYPE = YES_ERROR;
				GCC_WARN_UNDECLARED_SELECTOR = YES;
				GCC_WARN_UNINITIALIZED_AUTOS = YES_AGGRESSIVE;
				GCC_WARN_UNUSED_FUNCTION = YES;
				GCC_WARN_UNUSED_VARIABLE = YES;
				IPHONEOS_DEPLOYMENT_TARGET = 10.3;
				MTL_ENABLE_DEBUG_INFO = YES;
				ONLY_ACTIVE_ARCH = YES;
				SDKROOT = iphoneos;
				SWIFT_ACTIVE_COMPILATION_CONDITIONS = DEBUG;
				SWIFT_OPTIMIZATION_LEVEL = "-Onone";
			};
			name = Debug;
		};
		6CABDA011F0C399500133DBB /* Release */ = {
			isa = XCBuildConfiguration;
			buildSettings = {
				ALWAYS_SEARCH_USER_PATHS = NO;
				CLANG_ANALYZER_NONNULL = YES;
				CLANG_ANALYZER_NUMBER_OBJECT_CONVERSION = YES_AGGRESSIVE;
				CLANG_CXX_LANGUAGE_STANDARD = "gnu++0x";
				CLANG_CXX_LIBRARY = "libc++";
				CLANG_ENABLE_MODULES = YES;
				CLANG_ENABLE_OBJC_ARC = YES;
				CLANG_WARN_BOOL_CONVERSION = YES;
				CLANG_WARN_CONSTANT_CONVERSION = YES;
				CLANG_WARN_DIRECT_OBJC_ISA_USAGE = YES_ERROR;
				CLANG_WARN_DOCUMENTATION_COMMENTS = YES;
				CLANG_WARN_EMPTY_BODY = YES;
				CLANG_WARN_ENUM_CONVERSION = YES;
				CLANG_WARN_INFINITE_RECURSION = YES;
				CLANG_WARN_INT_CONVERSION = YES;
				CLANG_WARN_OBJC_ROOT_CLASS = YES_ERROR;
				CLANG_WARN_SUSPICIOUS_MOVE = YES;
				CLANG_WARN_UNREACHABLE_CODE = YES;
				CLANG_WARN__DUPLICATE_METHOD_MATCH = YES;
				"CODE_SIGN_IDENTITY[sdk=iphoneos*]" = "iPhone Developer";
				COPY_PHASE_STRIP = NO;
				DEBUG_INFORMATION_FORMAT = "dwarf-with-dsym";
				ENABLE_NS_ASSERTIONS = NO;
				ENABLE_STRICT_OBJC_MSGSEND = YES;
				GCC_C_LANGUAGE_STANDARD = gnu99;
				GCC_NO_COMMON_BLOCKS = YES;
				GCC_WARN_64_TO_32_BIT_CONVERSION = YES;
				GCC_WARN_ABOUT_RETURN_TYPE = YES_ERROR;
				GCC_WARN_UNDECLARED_SELECTOR = YES;
				GCC_WARN_UNINITIALIZED_AUTOS = YES_AGGRESSIVE;
				GCC_WARN_UNUSED_FUNCTION = YES;
				GCC_WARN_UNUSED_VARIABLE = YES;
				IPHONEOS_DEPLOYMENT_TARGET = 10.3;
				MTL_ENABLE_DEBUG_INFO = NO;
				SDKROOT = iphoneos;
				SWIFT_OPTIMIZATION_LEVEL = "-Owholemodule";
				VALIDATE_PRODUCT = YES;
			};
			name = Release;
		};
		6CABDA031F0C399500133DBB /* Debug */ = {
			isa = XCBuildConfiguration;
			baseConfigurationReference = 909D1E1F3270617633A8D91E /* Pods-MMM.debug.xcconfig */;
			buildSettings = {
				ASSETCATALOG_COMPILER_APPICON_NAME = AppIcon;
				INFOPLIST_FILE = MMM/Info.plist;
				LD_RUNPATH_SEARCH_PATHS = "$(inherited) @executable_path/Frameworks";
				PRODUCT_BUNDLE_IDENTIFIER = "com.Melody-Yang.MMM";
				PRODUCT_NAME = "$(TARGET_NAME)";
				SWIFT_VERSION = 3.0;
			};
			name = Debug;
		};
		6CABDA041F0C399500133DBB /* Release */ = {
			isa = XCBuildConfiguration;
			baseConfigurationReference = 8D6A740AD48936BB67C1A932 /* Pods-MMM.release.xcconfig */;
			buildSettings = {
				ASSETCATALOG_COMPILER_APPICON_NAME = AppIcon;
				INFOPLIST_FILE = MMM/Info.plist;
				LD_RUNPATH_SEARCH_PATHS = "$(inherited) @executable_path/Frameworks";
				PRODUCT_BUNDLE_IDENTIFIER = "com.Melody-Yang.MMM";
				PRODUCT_NAME = "$(TARGET_NAME)";
				SWIFT_VERSION = 3.0;
			};
			name = Release;
		};
/* End XCBuildConfiguration section */

/* Begin XCConfigurationList section */
		6CABD9EB1F0C399500133DBB /* Build configuration list for PBXProject "MMM" */ = {
			isa = XCConfigurationList;
			buildConfigurations = (
				6CABDA001F0C399500133DBB /* Debug */,
				6CABDA011F0C399500133DBB /* Release */,
			);
			defaultConfigurationIsVisible = 0;
			defaultConfigurationName = Release;
		};
		6CABDA021F0C399500133DBB /* Build configuration list for PBXNativeTarget "MMM" */ = {
			isa = XCConfigurationList;
			buildConfigurations = (
				6CABDA031F0C399500133DBB /* Debug */,
				6CABDA041F0C399500133DBB /* Release */,
			);
			defaultConfigurationIsVisible = 0;
			defaultConfigurationName = Release;
		};
/* End XCConfigurationList section */
	};
	rootObject = 6CABD9E81F0C399500133DBB /* Project object */;
}
